PODS:
  - Jelly (2.3.0)
  - TouchVisualizer (4.0.0)

DEPENDENCIES:
  - Jelly (from `../`)
  - TouchVisualizer (~> 4.0.0)

SPEC REPOS:
  https://github.com/CocoaPods/Specs.git:
    - TouchVisualizer

EXTERNAL SOURCES:
  Jelly:
    :path: "../"

SPEC CHECKSUMS:
  Jelly: 5c6315db07d392b178ebf9edf27072a294d4f434
  TouchVisualizer: d342dc3a567b6dd289bc31b7ce8681302a93dfee

PODFILE CHECKSUM: 74d8a4742a09d3c25ab3b02b2ea760f3f5d5af23

COCOAPODS: 1.15.2
